
Microsoft Visual Studio Solution File, Format Version 12.00
# Visual Studio Version 17
VisualStudioVersion = 17.4.33213.308
MinimumVisualStudioVersion = 10.0.40219.1
Project("{FAE04EC0-301F-11D3-BF4B-00C04F79EFBC}") = "Кубик Рубика", "Кубик Рубика\Кубик Рубика.csproj", "{84441BA1-201D-4445-8D88-E55C4932A21A}"
EndProject
Global
	GlobalSection(SolutionConfigurationPlatforms) = preSolution
		Debug|Any CPU = Debug|Any CPU
		Release|Any CPU = Release|Any CPU
	EndGlobalSection
	GlobalSection(ProjectConfigurationPlatforms) = postSolution
		{84441BA1-201D-4445-8D88-E55C4932A21A}.Debug|Any CPU.ActiveCfg = Debug|Any CPU
		{84441BA1-201D-4445-8D88-E55C4932A21A}.Debug|Any CPU.Build.0 = Debug|Any CPU
		{84441BA1-201D-4445-8D88-E55C4932A21A}.Release|Any CPU.ActiveCfg = Release|Any CPU
		{84441BA1-201D-4445-8D88-E55C4932A21A}.Release|Any CPU.Build.0 = Release|Any CPU
	EndGlobalSection
	GlobalSection(SolutionProperties) = preSolution
		HideSolutionNode = FALSE
	EndGlobalSection
	GlobalSection(ExtensibilityGlobals) = postSolution
		SolutionGuid = {4453F010-5471-4C17-81FE-960509D2C536}
	EndGlobalSection
EndGlobal
